
Microsoft Visual Studio Solution File, Format Version 12.00
# Visual Studio Version 17
VisualStudioVersion = 17.0.31903.59
MinimumVisualStudioVersion = 10.0.40219.1
Project("{FAE04EC0-301F-11D3-BF4B-00C04F79EFBC}") = "Domain", "Domain\Domain.csproj", "{D1A126AF-54FA-428C-8BEC-080DEBB40B08}"
EndProject
Project("{FAE04EC0-301F-11D3-BF4B-00C04F79EFBC}") = "Infrastructure", "Infrastructure\Infrastructure.csproj", "{668461A3-D77D-491E-955E-A82709D39237}"
EndProject
Project("{FAE04EC0-301F-11D3-BF4B-00C04F79EFBC}") = "WebApi", "WebApi\WebApi.csproj", "{E85A5D2D-F662-4FD4-9CCE-367CDFC37A67}"
EndProject
Global
	GlobalSection(SolutionConfigurationPlatforms) = preSolution
		Debug|Any CPU = Debug|Any CPU
		Release|Any CPU = Release|Any CPU
	EndGlobalSection
	GlobalSection(SolutionProperties) = preSolution
		HideSolutionNode = FALSE
	EndGlobalSection
	GlobalSection(ProjectConfigurationPlatforms) = postSolution
		{D1A126AF-54FA-428C-8BEC-080DEBB40B08}.Debug|Any CPU.ActiveCfg = Debug|Any CPU
		{D1A126AF-54FA-428C-8BEC-080DEBB40B08}.Debug|Any CPU.Build.0 = Debug|Any CPU
		{D1A126AF-54FA-428C-8BEC-080DEBB40B08}.Release|Any CPU.ActiveCfg = Release|Any CPU
		{D1A126AF-54FA-428C-8BEC-080DEBB40B08}.Release|Any CPU.Build.0 = Release|Any CPU
		{668461A3-D77D-491E-955E-A82709D39237}.Debug|Any CPU.ActiveCfg = Debug|Any CPU
		{668461A3-D77D-491E-955E-A82709D39237}.Debug|Any CPU.Build.0 = Debug|Any CPU
		{668461A3-D77D-491E-955E-A82709D39237}.Release|Any CPU.ActiveCfg = Release|Any CPU
		{668461A3-D77D-491E-955E-A82709D39237}.Release|Any CPU.Build.0 = Release|Any CPU
		{E85A5D2D-F662-4FD4-9CCE-367CDFC37A67}.Debug|Any CPU.ActiveCfg = Debug|Any CPU
		{E85A5D2D-F662-4FD4-9CCE-367CDFC37A67}.Debug|Any CPU.Build.0 = Debug|Any CPU
		{E85A5D2D-F662-4FD4-9CCE-367CDFC37A67}.Release|Any CPU.ActiveCfg = Release|Any CPU
		{E85A5D2D-F662-4FD4-9CCE-367CDFC37A67}.Release|Any CPU.Build.0 = Release|Any CPU
	EndGlobalSection
EndGlobal
